Microsoft Visual Studio Solution File, Format Version 12.00
# Visual Studio 14
VisualStudioVersion = 14.0.25123.0
MinimumVisualStudioVersion = 10.0.40219.1
Project("{2150E333-8FDC-42A3-9474-1A3956D46DE8}") = ".paket", ".paket", "{D1133605-17B9-4A96-91DC-7581B2F952C6}"
	ProjectSection(SolutionItems) = preProject
		..\paket.dependencies = ..\paket.dependencies
	EndProjectSection
EndProject
Project("{FAE04EC0-301F-11D3-BF4B-00C04F79EFBC}") = "log4net.RabbitMQ", "log4net.RabbitMQ\log4net.RabbitMQ.csproj", "{4F906D5D-C6CC-4A95-B2F3-C7C4A5576A38}"
EndProject
Project("{FAE04EC0-301F-11D3-BF4B-00C04F79EFBC}") = "log4net.RabbitMQ.Tests", "log4net.RabbitMQ.Tests\log4net.RabbitMQ.Tests.csproj", "{8D448B5B-0AFF-49EA-A464-F02D0CE54820}"
EndProject
Project("{2150E333-8FDC-42A3-9474-1A3956D46DE8}") = "Docs", "Docs", "{7E19A65D-FA72-4E97-ACD7-9FBF5056771B}"
	ProjectSection(SolutionItems) = preProject
		..\README.md = ..\README.md
	EndProjectSection
EndProject
Project("{2150E333-8FDC-42A3-9474-1A3956D46DE8}") = "Samples", "Samples", "{651F2627-B730-48E0-B49B-E8B6CA89811D}"
EndProject
Project("{FAE04EC0-301F-11D3-BF4B-00C04F79EFBC}") = "log4net.RabbitMQ.Listener", "samples\log4net.RabbitMQ.Listener\log4net.RabbitMQ.Listener.csproj", "{103B0478-1305-4078-B86E-50F67A7E3336}"
EndProject
Project("{FAE04EC0-301F-11D3-BF4B-00C04F79EFBC}") = "log4net.RabbitMQ.SampleWeb", "samples\log4net.RabbitMQ.SampleWeb\log4net.RabbitMQ.SampleWeb.csproj", "{EAE398C0-0F21-4CA7-BC39-18F47CC1E8E4}"
EndProject
Project("{FAE04EC0-301F-11D3-BF4B-00C04F79EFBC}") = "log4net.RabbitMQ.SampleConsole", "samples\log4net.RabbitMQ.SampleConsole\log4net.RabbitMQ.SampleConsole.csproj", "{B1D4B754-83B6-4792-8ACB-819F7060C1BA}"
EndProject
Global
	GlobalSection(SolutionConfigurationPlatforms) = preSolution
		Debug|Any CPU = Debug|Any CPU
		Release|Any CPU = Release|Any CPU
	EndGlobalSection
	GlobalSection(ProjectConfigurationPlatforms) = postSolution
		{4F906D5D-C6CC-4A95-B2F3-C7C4A5576A38}.Debug|Any CPU.ActiveCfg = Debug|Any CPU
		{4F906D5D-C6CC-4A95-B2F3-C7C4A5576A38}.Debug|Any CPU.Build.0 = Debug|Any CPU
		{4F906D5D-C6CC-4A95-B2F3-C7C4A5576A38}.Release|Any CPU.ActiveCfg = Release|Any CPU
		{4F906D5D-C6CC-4A95-B2F3-C7C4A5576A38}.Release|Any CPU.Build.0 = Release|Any CPU
		{8D448B5B-0AFF-49EA-A464-F02D0CE54820}.Debug|Any CPU.ActiveCfg = Debug|Any CPU
		{8D448B5B-0AFF-49EA-A464-F02D0CE54820}.Debug|Any CPU.Build.0 = Debug|Any CPU
		{8D448B5B-0AFF-49EA-A464-F02D0CE54820}.Release|Any CPU.ActiveCfg = Release|Any CPU
		{8D448B5B-0AFF-49EA-A464-F02D0CE54820}.Release|Any CPU.Build.0 = Release|Any CPU
		{103B0478-1305-4078-B86E-50F67A7E3336}.Debug|Any CPU.ActiveCfg = Debug|Any CPU
		{103B0478-1305-4078-B86E-50F67A7E3336}.Debug|Any CPU.Build.0 = Debug|Any CPU
		{103B0478-1305-4078-B86E-50F67A7E3336}.Release|Any CPU.ActiveCfg = Release|Any CPU
		{103B0478-1305-4078-B86E-50F67A7E3336}.Release|Any CPU.Build.0 = Release|Any CPU
		{EAE398C0-0F21-4CA7-BC39-18F47CC1E8E4}.Debug|Any CPU.ActiveCfg = Debug|Any CPU
		{EAE398C0-0F21-4CA7-BC39-18F47CC1E8E4}.Debug|Any CPU.Build.0 = Debug|Any CPU
		{EAE398C0-0F21-4CA7-BC39-18F47CC1E8E4}.Release|Any CPU.ActiveCfg = Release|Any CPU
		{EAE398C0-0F21-4CA7-BC39-18F47CC1E8E4}.Release|Any CPU.Build.0 = Release|Any CPU
		{B1D4B754-83B6-4792-8ACB-819F7060C1BA}.Debug|Any CPU.ActiveCfg = Debug|Any CPU
		{B1D4B754-83B6-4792-8ACB-819F7060C1BA}.Debug|Any CPU.Build.0 = Debug|Any CPU
		{B1D4B754-83B6-4792-8ACB-819F7060C1BA}.Release|Any CPU.ActiveCfg = Release|Any CPU
		{B1D4B754-83B6-4792-8ACB-819F7060C1BA}.Release|Any CPU.Build.0 = Release|Any CPU
	EndGlobalSection
	GlobalSection(SolutionProperties) = preSolution
		HideSolutionNode = FALSE
	EndGlobalSection
	GlobalSection(NestedProjects) = preSolution
		{103B0478-1305-4078-B86E-50F67A7E3336} = {651F2627-B730-48E0-B49B-E8B6CA89811D}
		{EAE398C0-0F21-4CA7-BC39-18F47CC1E8E4} = {651F2627-B730-48E0-B49B-E8B6CA89811D}
		{B1D4B754-83B6-4792-8ACB-819F7060C1BA} = {651F2627-B730-48E0-B49B-E8B6CA89811D}
	EndGlobalSection
EndGlobal
